
Microsoft Visual Studio Solution File, Format Version 12.00
# Visual Studio 15
VisualStudioVersion = 15.0.27703.2000
MinimumVisualStudioVersion = 10.0.40219.1
Project("{FAE04EC0-301F-11D3-BF4B-00C04F79EFBC}") = "Elsys.Decoder", "Elsys.Decoder\Elsys.Decoder.csproj", "{C577A1F2-DBE5-47EF-8509-2677FE57A0CE}"
EndProject
Project("{FAE04EC0-301F-11D3-BF4B-00C04F79EFBC}") = "Elsys.Decoder.Test", "Elsys.Decoder.Test\Elsys.Decoder.Test.csproj", "{15F1996A-F664-421F-8693-149B3E6BE5FB}"
EndProject
Global
	GlobalSection(SolutionConfigurationPlatforms) = preSolution
		Debug|Any CPU = Debug|Any CPU
		Release|Any CPU = Release|Any CPU
	EndGlobalSection
	GlobalSection(ProjectConfigurationPlatforms) = postSolution
		{C577A1F2-DBE5-47EF-8509-2677FE57A0CE}.Debug|Any CPU.ActiveCfg = Debug|Any CPU
		{C577A1F2-DBE5-47EF-8509-2677FE57A0CE}.Debug|Any CPU.Build.0 = Debug|Any CPU
		{C577A1F2-DBE5-47EF-8509-2677FE57A0CE}.Release|Any CPU.ActiveCfg = Release|Any CPU
		{C577A1F2-DBE5-47EF-8509-2677FE57A0CE}.Release|Any CPU.Build.0 = Release|Any CPU
		{15F1996A-F664-421F-8693-149B3E6BE5FB}.Debug|Any CPU.ActiveCfg = Debug|Any CPU
		{15F1996A-F664-421F-8693-149B3E6BE5FB}.Debug|Any CPU.Build.0 = Debug|Any CPU
		{15F1996A-F664-421F-8693-149B3E6BE5FB}.Release|Any CPU.ActiveCfg = Release|Any CPU
		{15F1996A-F664-421F-8693-149B3E6BE5FB}.Release|Any CPU.Build.0 = Release|Any CPU
	EndGlobalSection
	GlobalSection(SolutionProperties) = preSolution
		HideSolutionNode = FALSE
	EndGlobalSection
	GlobalSection(ExtensibilityGlobals) = postSolution
		SolutionGuid = {D1211BCC-2169-45A8-ADD6-C31DF90670AB}
	EndGlobalSection
EndGlobal
